
Microsoft Visual Studio Solution File, Format Version 12.00
# Visual Studio Version 17
VisualStudioVersion = 17.5.002.0
MinimumVisualStudioVersion = 10.0.40219.1
Project("{2150E333-8FDC-42A3-9474-1A3956D46DE8}") = "prepare", "prepare", "{08057602-7ABD-4158-A262-036A1CB8B62B}"
EndProject
Project("{9A19103F-16F7-4668-BE54-9A1E7A4F7556}") = "Learning02", "prepare\Learning02\Learning02.csproj", "{184D5014-9E7D-4E73-ADAC-EFB57A1B5AFE}"
EndProject
Project("{9A19103F-16F7-4668-BE54-9A1E7A4F7556}") = "Learning05", "prepare\Learning05\Learning05.csproj", "{F375D19F-457D-48FA-9DA6-2586D1C2A145}"
EndProject
Project("{9A19103F-16F7-4668-BE54-9A1E7A4F7556}") = "Learning04", "prepare\Learning04\Learning04.csproj", "{265FEFFE-73D4-493A-B8C9-2C5DCB5B2E52}"
EndProject
Project("{9A19103F-16F7-4668-BE54-9A1E7A4F7556}") = "Learning03", "prepare\Learning03\Learning03.csproj", "{22445186-EAC0-463B-B8A0-11C4204E881D}"
EndProject
Project("{2150E333-8FDC-42A3-9474-1A3956D46DE8}") = "prove", "prove", "{37B3DD19-EA62-4EAA-A44B-5B6226C11496}"
EndProject
Project("{9A19103F-16F7-4668-BE54-9A1E7A4F7556}") = "Develop03", "prove\Develop03\Develop03.csproj", "{AC8168FA-0E1C-4B24-A48D-DFEB771FAE93}"
EndProject
Project("{9A19103F-16F7-4668-BE54-9A1E7A4F7556}") = "Develop04", "prove\Develop04\Develop04.csproj", "{1F89D8A2-C52E-4E74-B867-D543E3DDAD36}"
EndProject
Project("{9A19103F-16F7-4668-BE54-9A1E7A4F7556}") = "Develop05", "prove\Develop05\Develop05.csproj", "{C4FD8D75-2B74-4C54-895B-77470113A47A}"
EndProject
Project("{9A19103F-16F7-4668-BE54-9A1E7A4F7556}") = "Develop02", "prove\Develop02\Develop02.csproj", "{EA62271D-66F8-49E5-B5AE-302A2D2E8D67}"
EndProject
Project("{2150E333-8FDC-42A3-9474-1A3956D46DE8}") = "sandbox", "sandbox", "{D32EE4EC-B5F6-4F64-B081-F2F2403D3982}"
EndProject
Project("{9A19103F-16F7-4668-BE54-9A1E7A4F7556}") = "Sandbox", "sandbox\Sandbox\Sandbox.csproj", "{77A2C553-C1B0-459A-99E4-93EA2D8469C2}"
EndProject
Project("{2150E333-8FDC-42A3-9474-1A3956D46DE8}") = "final", "final", "{1FF456F8-AEE8-4057-ADFB-7C56B211420D}"
EndProject
Project("{9A19103F-16F7-4668-BE54-9A1E7A4F7556}") = "FinalProject", "final\FinalProject\FinalProject.csproj", "{3F68304A-496A-4793-82EE-FD44681B83E9}"
EndProject
Project("{9A19103F-16F7-4668-BE54-9A1E7A4F7556}") = "Foundation1", "final\Foundation1\Foundation1.csproj", "{33BEB3D3-38BB-4D15-A9C9-599EB4EF3B58}"
EndProject
Project("{9A19103F-16F7-4668-BE54-9A1E7A4F7556}") = "Foundation4", "final\Foundation4\Foundation4.csproj", "{BF8CD097-D86A-4384-8928-1CC4AC191BDB}"
EndProject
Project("{9A19103F-16F7-4668-BE54-9A1E7A4F7556}") = "Foundation3", "final\Foundation3\Foundation3.csproj", "{BA0A6DD1-EFEA-4F51-BFC0-9D5371757D25}"
EndProject
Project("{9A19103F-16F7-4668-BE54-9A1E7A4F7556}") = "Foundation2", "final\Foundation2\Foundation2.csproj", "{FD6DB626-EE74-4F04-ADC1-BDC9E95221D8}"
EndProject
Project("{2150E333-8FDC-42A3-9474-1A3956D46DE8}") = "csharp-prep", "csharp-prep", "{AE0EA72B-FB35-4B68-83FB-F4B65AF7F6D6}"
EndProject
Project("{9A19103F-16F7-4668-BE54-9A1E7A4F7556}") = "Prep1", "csharp-prep\Prep1\Prep1.csproj", "{1F2A078C-95CD-4FC8-81CB-A63743A899BD}"
EndProject
Project("{9A19103F-16F7-4668-BE54-9A1E7A4F7556}") = "Prep5", "csharp-prep\Prep5\Prep5.csproj", "{BB47F75B-959D-4327-A71A-0F1076DDD828}"
EndProject
Project("{9A19103F-16F7-4668-BE54-9A1E7A4F7556}") = "Prep2", "csharp-prep\Prep2\Prep2.csproj", "{3909136A-C602-4605-9425-81E64E45113E}"
EndProject
Project("{9A19103F-16F7-4668-BE54-9A1E7A4F7556}") = "Prep3", "csharp-prep\Prep3\Prep3.csproj", "{F56F8A9B-4918-4DB2-B72C-8D4973091FBF}"
EndProject
Project("{9A19103F-16F7-4668-BE54-9A1E7A4F7556}") = "Prep4", "csharp-prep\Prep4\Prep4.csproj", "{69E799E5-ABB9-4E2E-9354-AD816333390C}"
EndProject
Global
	GlobalSection(SolutionConfigurationPlatforms) = preSolution
		Debug|Any CPU = Debug|Any CPU
		Release|Any CPU = Release|Any CPU
	EndGlobalSection
	GlobalSection(ProjectConfigurationPlatforms) = postSolution
		{184D5014-9E7D-4E73-ADAC-EFB57A1B5AFE}.Debug|Any CPU.ActiveCfg = Debug|Any CPU
		{184D5014-9E7D-4E73-ADAC-EFB57A1B5AFE}.Debug|Any CPU.Build.0 = Debug|Any CPU
		{184D5014-9E7D-4E73-ADAC-EFB57A1B5AFE}.Release|Any CPU.ActiveCfg = Release|Any CPU
		{184D5014-9E7D-4E73-ADAC-EFB57A1B5AFE}.Release|Any CPU.Build.0 = Release|Any CPU
		{F375D19F-457D-48FA-9DA6-2586D1C2A145}.Debug|Any CPU.ActiveCfg = Debug|Any CPU
		{F375D19F-457D-48FA-9DA6-2586D1C2A145}.Debug|Any CPU.Build.0 = Debug|Any CPU
		{F375D19F-457D-48FA-9DA6-2586D1C2A145}.Release|Any CPU.ActiveCfg = Release|Any CPU
		{F375D19F-457D-48FA-9DA6-2586D1C2A145}.Release|Any CPU.Build.0 = Release|Any CPU
		{265FEFFE-73D4-493A-B8C9-2C5DCB5B2E52}.Debug|Any CPU.ActiveCfg = Debug|Any CPU
		{265FEFFE-73D4-493A-B8C9-2C5DCB5B2E52}.Debug|Any CPU.Build.0 = Debug|Any CPU
		{265FEFFE-73D4-493A-B8C9-2C5DCB5B2E52}.Release|Any CPU.ActiveCfg = Release|Any CPU
		{265FEFFE-73D4-493A-B8C9-2C5DCB5B2E52}.Release|Any CPU.Build.0 = Release|Any CPU
		{22445186-EAC0-463B-B8A0-11C4204E881D}.Debug|Any CPU.ActiveCfg = Debug|Any CPU
		{22445186-EAC0-463B-B8A0-11C4204E881D}.Debug|Any CPU.Build.0 = Debug|Any CPU
		{22445186-EAC0-463B-B8A0-11C4204E881D}.Release|Any CPU.ActiveCfg = Release|Any CPU
		{22445186-EAC0-463B-B8A0-11C4204E881D}.Release|Any CPU.Build.0 = Release|Any CPU
		{AC8168FA-0E1C-4B24-A48D-DFEB771FAE93}.Debug|Any CPU.ActiveCfg = Debug|Any CPU
		{AC8168FA-0E1C-4B24-A48D-DFEB771FAE93}.Debug|Any CPU.Build.0 = Debug|Any CPU
		{AC8168FA-0E1C-4B24-A48D-DFEB771FAE93}.Release|Any CPU.ActiveCfg = Release|Any CPU
		{AC8168FA-0E1C-4B24-A48D-DFEB771FAE93}.Release|Any CPU.Build.0 = Release|Any CPU
		{1F89D8A2-C52E-4E74-B867-D543E3DDAD36}.Debug|Any CPU.ActiveCfg = Debug|Any CPU
		{1F89D8A2-C52E-4E74-B867-D543E3DDAD36}.Debug|Any CPU.Build.0 = Debug|Any CPU
		{1F89D8A2-C52E-4E74-B867-D543E3DDAD36}.Release|Any CPU.ActiveCfg = Release|Any CPU
		{1F89D8A2-C52E-4E74-B867-D543E3DDAD36}.Release|Any CPU.Build.0 = Release|Any CPU
		{C4FD8D75-2B74-4C54-895B-77470113A47A}.Debug|Any CPU.ActiveCfg = Debug|Any CPU
		{C4FD8D75-2B74-4C54-895B-77470113A47A}.Debug|Any CPU.Build.0 = Debug|Any CPU
		{C4FD8D75-2B74-4C54-895B-77470113A47A}.Release|Any CPU.ActiveCfg = Release|Any CPU
		{C4FD8D75-2B74-4C54-895B-77470113A47A}.Release|Any CPU.Build.0 = Release|Any CPU
		{EA62271D-66F8-49E5-B5AE-302A2D2E8D67}.Debug|Any CPU.ActiveCfg = Debug|Any CPU
		{EA62271D-66F8-49E5-B5AE-302A2D2E8D67}.Debug|Any CPU.Build.0 = Debug|Any CPU
		{EA62271D-66F8-49E5-B5AE-302A2D2E8D67}.Release|Any CPU.ActiveCfg = Release|Any CPU
		{EA62271D-66F8-49E5-B5AE-302A2D2E8D67}.Release|Any CPU.Build.0 = Release|Any CPU
		{77A2C553-C1B0-459A-99E4-93EA2D8469C2}.Debug|Any CPU.ActiveCfg = Debug|Any CPU
		{77A2C553-C1B0-459A-99E4-93EA2D8469C2}.Debug|Any CPU.Build.0 = Debug|Any CPU
		{77A2C553-C1B0-459A-99E4-93EA2D8469C2}.Release|Any CPU.ActiveCfg = Release|Any CPU
		{77A2C553-C1B0-459A-99E4-93EA2D8469C2}.Release|Any CPU.Build.0 = Release|Any CPU
		{3F68304A-496A-4793-82EE-FD44681B83E9}.Debug|Any CPU.ActiveCfg = Debug|Any CPU
		{3F68304A-496A-4793-82EE-FD44681B83E9}.Debug|Any CPU.Build.0 = Debug|Any CPU
		{3F68304A-496A-4793-82EE-FD44681B83E9}.Release|Any CPU.ActiveCfg = Release|Any CPU
		{3F68304A-496A-4793-82EE-FD44681B83E9}.Release|Any CPU.Build.0 = Release|Any CPU
		{33BEB3D3-38BB-4D15-A9C9-599EB4EF3B58}.Debug|Any CPU.ActiveCfg = Debug|Any CPU
		{33BEB3D3-38BB-4D15-A9C9-599EB4EF3B58}.Debug|Any CPU.Build.0 = Debug|Any CPU
		{33BEB3D3-38BB-4D15-A9C9-599EB4EF3B58}.Release|Any CPU.ActiveCfg = Release|Any CPU
		{33BEB3D3-38BB-4D15-A9C9-599EB4EF3B58}.Release|Any CPU.Build.0 = Release|Any CPU
		{BF8CD097-D86A-4384-8928-1CC4AC191BDB}.Debug|Any CPU.ActiveCfg = Debug|Any CPU
		{BF8CD097-D86A-4384-8928-1CC4AC191BDB}.Debug|Any CPU.Build.0 = Debug|Any CPU
		{BF8CD097-D86A-4384-8928-1CC4AC191BDB}.Release|Any CPU.ActiveCfg = Release|Any CPU
		{BF8CD097-D86A-4384-8928-1CC4AC191BDB}.Release|Any CPU.Build.0 = Release|Any CPU
		{BA0A6DD1-EFEA-4F51-BFC0-9D5371757D25}.Debug|Any CPU.ActiveCfg = Debug|Any CPU
		{BA0A6DD1-EFEA-4F51-BFC0-9D5371757D25}.Debug|Any CPU.Build.0 = Debug|Any CPU
		{BA0A6DD1-EFEA-4F51-BFC0-9D5371757D25}.Release|Any CPU.ActiveCfg = Release|Any CPU
		{BA0A6DD1-EFEA-4F51-BFC0-9D5371757D25}.Release|Any CPU.Build.0 = Release|Any CPU
		{FD6DB626-EE74-4F04-ADC1-BDC9E95221D8}.Debug|Any CPU.ActiveCfg = Debug|Any CPU
		{FD6DB626-EE74-4F04-ADC1-BDC9E95221D8}.Debug|Any CPU.Build.0 = Debug|Any CPU
		{FD6DB626-EE74-4F04-ADC1-BDC9E95221D8}.Release|Any CPU.ActiveCfg = Release|Any CPU
		{FD6DB626-EE74-4F04-ADC1-BDC9E95221D8}.Release|Any CPU.Build.0 = Release|Any CPU
		{1F2A078C-95CD-4FC8-81CB-A63743A899BD}.Debug|Any CPU.ActiveCfg = Debug|Any CPU
		{1F2A078C-95CD-4FC8-81CB-A63743A899BD}.Debug|Any CPU.Build.0 = Debug|Any CPU
		{1F2A078C-95CD-4FC8-81CB-A63743A899BD}.Release|Any CPU.ActiveCfg = Release|Any CPU
		{1F2A078C-95CD-4FC8-81CB-A63743A899BD}.Release|Any CPU.Build.0 = Release|Any CPU
		{BB47F75B-959D-4327-A71A-0F1076DDD828}.Debug|Any CPU.ActiveCfg = Debug|Any CPU
		{BB47F75B-959D-4327-A71A-0F1076DDD828}.Debug|Any CPU.Build.0 = Debug|Any CPU
		{BB47F75B-959D-4327-A71A-0F1076DDD828}.Release|Any CPU.ActiveCfg = Release|Any CPU
		{BB47F75B-959D-4327-A71A-0F1076DDD828}.Release|Any CPU.Build.0 = Release|Any CPU
		{3909136A-C602-4605-9425-81E64E45113E}.Debug|Any CPU.ActiveCfg = Debug|Any CPU
		{3909136A-C602-4605-9425-81E64E45113E}.Debug|Any CPU.Build.0 = Debug|Any CPU
		{3909136A-C602-4605-9425-81E64E45113E}.Release|Any CPU.ActiveCfg = Release|Any CPU
		{3909136A-C602-4605-9425-81E64E45113E}.Release|Any CPU.Build.0 = Release|Any CPU
		{F56F8A9B-4918-4DB2-B72C-8D4973091FBF}.Debug|Any CPU.ActiveCfg = Debug|Any CPU
		{F56F8A9B-4918-4DB2-B72C-8D4973091FBF}.Debug|Any CPU.Build.0 = Debug|Any CPU
		{F56F8A9B-4918-4DB2-B72C-8D4973091FBF}.Release|Any CPU.ActiveCfg = Release|Any CPU
		{F56F8A9B-4918-4DB2-B72C-8D4973091FBF}.Release|Any CPU.Build.0 = Release|Any CPU
		{69E799E5-ABB9-4E2E-9354-AD816333390C}.Debug|Any CPU.ActiveCfg = Debug|Any CPU
		{69E799E5-ABB9-4E2E-9354-AD816333390C}.Debug|Any CPU.Build.0 = Debug|Any CPU
		{69E799E5-ABB9-4E2E-9354-AD816333390C}.Release|Any CPU.ActiveCfg = Release|Any CPU
		{69E799E5-ABB9-4E2E-9354-AD816333390C}.Release|Any CPU.Build.0 = Release|Any CPU
	EndGlobalSection
	GlobalSection(SolutionProperties) = preSolution
		HideSolutionNode = FALSE
	EndGlobalSection
	GlobalSection(NestedProjects) = preSolution
		{184D5014-9E7D-4E73-ADAC-EFB57A1B5AFE} = {08057602-7ABD-4158-A262-036A1CB8B62B}
		{F375D19F-457D-48FA-9DA6-2586D1C2A145} = {08057602-7ABD-4158-A262-036A1CB8B62B}
		{265FEFFE-73D4-493A-B8C9-2C5DCB5B2E52} = {08057602-7ABD-4158-A262-036A1CB8B62B}
		{22445186-EAC0-463B-B8A0-11C4204E881D} = {08057602-7ABD-4158-A262-036A1CB8B62B}
		{AC8168FA-0E1C-4B24-A48D-DFEB771FAE93} = {37B3DD19-EA62-4EAA-A44B-5B6226C11496}
		{1F89D8A2-C52E-4E74-B867-D543E3DDAD36} = {37B3DD19-EA62-4EAA-A44B-5B6226C11496}
		{C4FD8D75-2B74-4C54-895B-77470113A47A} = {37B3DD19-EA62-4EAA-A44B-5B6226C11496}
		{EA62271D-66F8-49E5-B5AE-302A2D2E8D67} = {37B3DD19-EA62-4EAA-A44B-5B6226C11496}
		{77A2C553-C1B0-459A-99E4-93EA2D8469C2} = {D32EE4EC-B5F6-4F64-B081-F2F2403D3982}
		{3F68304A-496A-4793-82EE-FD44681B83E9} = {1FF456F8-AEE8-4057-ADFB-7C56B211420D}
		{33BEB3D3-38BB-4D15-A9C9-599EB4EF3B58} = {1FF456F8-AEE8-4057-ADFB-7C56B211420D}
		{BF8CD097-D86A-4384-8928-1CC4AC191BDB} = {1FF456F8-AEE8-4057-ADFB-7C56B211420D}
		{BA0A6DD1-EFEA-4F51-BFC0-9D5371757D25} = {1FF456F8-AEE8-4057-ADFB-7C56B211420D}
		{FD6DB626-EE74-4F04-ADC1-BDC9E95221D8} = {1FF456F8-AEE8-4057-ADFB-7C56B211420D}
		{1F2A078C-95CD-4FC8-81CB-A63743A899BD} = {AE0EA72B-FB35-4B68-83FB-F4B65AF7F6D6}
		{BB47F75B-959D-4327-A71A-0F1076DDD828} = {AE0EA72B-FB35-4B68-83FB-F4B65AF7F6D6}
		{3909136A-C602-4605-9425-81E64E45113E} = {AE0EA72B-FB35-4B68-83FB-F4B65AF7F6D6}
		{F56F8A9B-4918-4DB2-B72C-8D4973091FBF} = {AE0EA72B-FB35-4B68-83FB-F4B65AF7F6D6}
		{69E799E5-ABB9-4E2E-9354-AD816333390C} = {AE0EA72B-FB35-4B68-83FB-F4B65AF7F6D6}
	EndGlobalSection
	GlobalSection(ExtensibilityGlobals) = postSolution
		SolutionGuid = {98D55798-2FD9-463E-9E4A-CA6EECD95138}
	EndGlobalSection
EndGlobal
